
Microsoft Visual Studio Solution File, Format Version 12.00
Project("{FAE04EC0-301F-11D3-BF4B-00C04F79EFBC}") = "Core", "src\Core\Core.csproj", "{FB011766-59AD-40AE-AF34-C6CD3A61CABE}"
EndProject
Project("{2150E333-8FDC-42A3-9474-1A3956D46DE8}") = "tests", "tests", "{CD88D6BD-16DB-4EFE-9160-FDB6EAB20A4E}"
EndProject
Project("{FAE04EC0-301F-11D3-BF4B-00C04F79EFBC}") = "Core.Tests", "tests\Core.Tests\Core.Tests.csproj", "{ABB99B5C-A758-49E9-ABD6-81F6C5B18491}"
EndProject
Project("{FAE04EC0-301F-11D3-BF4B-00C04F79EFBC}") = "Client.Tests", "tests\Client.Tests\Client.Tests.csproj", "{F3721CF9-0482-479E-BFAE-916EC2F3BA11}"
EndProject
Project("{FAE04EC0-301F-11D3-BF4B-00C04F79EFBC}") = "Client", "src\Client\Client.csproj", "{B812F8CE-AF1B-414B-B681-2E00E9504F06}"
EndProject
Project("{FAE04EC0-301F-11D3-BF4B-00C04F79EFBC}") = "BenchmarkRunner", "tests\BenchmarkRunner\BenchmarkRunner.csproj", "{E2FA39D1-D7F7-49AE-A888-CB2734BE8A8A}"
EndProject
Global
	GlobalSection(SolutionConfigurationPlatforms) = preSolution
		Debug|Any CPU = Debug|Any CPU
		Release|Any CPU = Release|Any CPU
	EndGlobalSection
	GlobalSection(ProjectConfigurationPlatforms) = postSolution
		{FB011766-59AD-40AE-AF34-C6CD3A61CABE}.Debug|Any CPU.ActiveCfg = Debug|Any CPU
		{FB011766-59AD-40AE-AF34-C6CD3A61CABE}.Debug|Any CPU.Build.0 = Debug|Any CPU
		{FB011766-59AD-40AE-AF34-C6CD3A61CABE}.Release|Any CPU.ActiveCfg = Release|Any CPU
		{FB011766-59AD-40AE-AF34-C6CD3A61CABE}.Release|Any CPU.Build.0 = Release|Any CPU
		{ABB99B5C-A758-49E9-ABD6-81F6C5B18491}.Debug|Any CPU.ActiveCfg = Debug|Any CPU
		{ABB99B5C-A758-49E9-ABD6-81F6C5B18491}.Debug|Any CPU.Build.0 = Debug|Any CPU
		{ABB99B5C-A758-49E9-ABD6-81F6C5B18491}.Release|Any CPU.ActiveCfg = Release|Any CPU
		{ABB99B5C-A758-49E9-ABD6-81F6C5B18491}.Release|Any CPU.Build.0 = Release|Any CPU
		{F3721CF9-0482-479E-BFAE-916EC2F3BA11}.Debug|Any CPU.ActiveCfg = Debug|Any CPU
		{F3721CF9-0482-479E-BFAE-916EC2F3BA11}.Debug|Any CPU.Build.0 = Debug|Any CPU
		{F3721CF9-0482-479E-BFAE-916EC2F3BA11}.Release|Any CPU.ActiveCfg = Release|Any CPU
		{F3721CF9-0482-479E-BFAE-916EC2F3BA11}.Release|Any CPU.Build.0 = Release|Any CPU
		{B812F8CE-AF1B-414B-B681-2E00E9504F06}.Debug|Any CPU.ActiveCfg = Debug|Any CPU
		{B812F8CE-AF1B-414B-B681-2E00E9504F06}.Debug|Any CPU.Build.0 = Debug|Any CPU
		{B812F8CE-AF1B-414B-B681-2E00E9504F06}.Release|Any CPU.ActiveCfg = Release|Any CPU
		{B812F8CE-AF1B-414B-B681-2E00E9504F06}.Release|Any CPU.Build.0 = Release|Any CPU
		{E2FA39D1-D7F7-49AE-A888-CB2734BE8A8A}.Debug|Any CPU.ActiveCfg = Debug|Any CPU
		{E2FA39D1-D7F7-49AE-A888-CB2734BE8A8A}.Debug|Any CPU.Build.0 = Debug|Any CPU
		{E2FA39D1-D7F7-49AE-A888-CB2734BE8A8A}.Release|Any CPU.ActiveCfg = Release|Any CPU
		{E2FA39D1-D7F7-49AE-A888-CB2734BE8A8A}.Release|Any CPU.Build.0 = Release|Any CPU
	EndGlobalSection
	GlobalSection(NestedProjects) = preSolution
		{ABB99B5C-A758-49E9-ABD6-81F6C5B18491} = {CD88D6BD-16DB-4EFE-9160-FDB6EAB20A4E}
		{F3721CF9-0482-479E-BFAE-916EC2F3BA11} = {CD88D6BD-16DB-4EFE-9160-FDB6EAB20A4E}
		{E2FA39D1-D7F7-49AE-A888-CB2734BE8A8A} = {CD88D6BD-16DB-4EFE-9160-FDB6EAB20A4E}
	EndGlobalSection
EndGlobal
